
Microsoft Visual Studio Solution File, Format Version 12.00
# Visual Studio 15
VisualStudioVersion = 15.0.28010.2036
MinimumVisualStudioVersion = 10.0.40219.1
Project("{FAE04EC0-301F-11D3-BF4B-00C04F79EFBC}") = "SnakeGame", "Snake\SnakeGame.csproj", "{18D1B904-951B-4A28-8E02-673ED00CA195}"
EndProject
Global
	GlobalSection(SolutionConfigurationPlatforms) = preSolution
		Debug|Any CPU = Debug|Any CPU
		Release|Any CPU = Release|Any CPU
	EndGlobalSection
	GlobalSection(ProjectConfigurationPlatforms) = postSolution
		{18D1B904-951B-4A28-8E02-673ED00CA195}.Debug|Any CPU.ActiveCfg = Debug|Any CPU
		{18D1B904-951B-4A28-8E02-673ED00CA195}.Debug|Any CPU.Build.0 = Debug|Any CPU
		{18D1B904-951B-4A28-8E02-673ED00CA195}.Release|Any CPU.ActiveCfg = Release|Any CPU
		{18D1B904-951B-4A28-8E02-673ED00CA195}.Release|Any CPU.Build.0 = Release|Any CPU
	EndGlobalSection
	GlobalSection(SolutionProperties) = preSolution
		HideSolutionNode = FALSE
	EndGlobalSection
	GlobalSection(ExtensibilityGlobals) = postSolution
		SolutionGuid = {F87C797B-8380-46C9-8CA0-F657A4566DB7}
	EndGlobalSection
EndGlobal
